
Microsoft Visual Studio Solution File, Format Version 12.00
# Visual Studio Version 16
VisualStudioVersion = 16.0.29613.14
MinimumVisualStudioVersion = 10.0.40219.1
Project("{9A19103F-16F7-4668-BE54-9A1E7A4F7556}") = "Puzzle.Web", "Puzzle.Web\Puzzle.Web.csproj", "{EFCA2737-53A8-4828-9842-94DC2CC37C75}"
EndProject
Project("{9A19103F-16F7-4668-BE54-9A1E7A4F7556}") = "Puzzle.Data", "Puzzle.Data\Puzzle.Data.csproj", "{88294DCF-2C97-4F47-8FAB-AF090806D0EE}"
EndProject
Project("{9A19103F-16F7-4668-BE54-9A1E7A4F7556}") = "Puzzle.Core", "Puzzle.Core\Puzzle.Core.csproj", "{8CD92422-8912-49D0-BABD-83E547E9EEE5}"
EndProject
Project("{FAE04EC0-301F-11D3-BF4B-00C04F79EFBC}") = "Puzzle.UI", "Puzzle.UI\Puzzle.UI.csproj", "{CDC8D4EE-5D17-4A47-A086-D71A5BE4082F}"
EndProject
Global
	GlobalSection(SolutionConfigurationPlatforms) = preSolution
		Debug|Any CPU = Debug|Any CPU
		Release|Any CPU = Release|Any CPU
	EndGlobalSection
	GlobalSection(ProjectConfigurationPlatforms) = postSolution
		{EFCA2737-53A8-4828-9842-94DC2CC37C75}.Debug|Any CPU.ActiveCfg = Debug|Any CPU
		{EFCA2737-53A8-4828-9842-94DC2CC37C75}.Debug|Any CPU.Build.0 = Debug|Any CPU
		{EFCA2737-53A8-4828-9842-94DC2CC37C75}.Release|Any CPU.ActiveCfg = Release|Any CPU
		{EFCA2737-53A8-4828-9842-94DC2CC37C75}.Release|Any CPU.Build.0 = Release|Any CPU
		{88294DCF-2C97-4F47-8FAB-AF090806D0EE}.Debug|Any CPU.ActiveCfg = Debug|Any CPU
		{88294DCF-2C97-4F47-8FAB-AF090806D0EE}.Debug|Any CPU.Build.0 = Debug|Any CPU
		{88294DCF-2C97-4F47-8FAB-AF090806D0EE}.Release|Any CPU.ActiveCfg = Release|Any CPU
		{88294DCF-2C97-4F47-8FAB-AF090806D0EE}.Release|Any CPU.Build.0 = Release|Any CPU
		{8CD92422-8912-49D0-BABD-83E547E9EEE5}.Debug|Any CPU.ActiveCfg = Debug|Any CPU
		{8CD92422-8912-49D0-BABD-83E547E9EEE5}.Debug|Any CPU.Build.0 = Debug|Any CPU
		{8CD92422-8912-49D0-BABD-83E547E9EEE5}.Release|Any CPU.ActiveCfg = Release|Any CPU
		{8CD92422-8912-49D0-BABD-83E547E9EEE5}.Release|Any CPU.Build.0 = Release|Any CPU
		{CDC8D4EE-5D17-4A47-A086-D71A5BE4082F}.Debug|Any CPU.ActiveCfg = Debug|Any CPU
		{CDC8D4EE-5D17-4A47-A086-D71A5BE4082F}.Debug|Any CPU.Build.0 = Debug|Any CPU
		{CDC8D4EE-5D17-4A47-A086-D71A5BE4082F}.Release|Any CPU.ActiveCfg = Release|Any CPU
		{CDC8D4EE-5D17-4A47-A086-D71A5BE4082F}.Release|Any CPU.Build.0 = Release|Any CPU
	EndGlobalSection
	GlobalSection(SolutionProperties) = preSolution
		HideSolutionNode = FALSE
	EndGlobalSection
	GlobalSection(ExtensibilityGlobals) = postSolution
		SolutionGuid = {9580B761-9307-4E24-ADBF-1C97371D2B93}
	EndGlobalSection
EndGlobal
